// !$*UTF8*$!
{
	archiveVersion = 1;
	classes = {
	};
	objectVersion = 46;
	objects = {

/* Begin PBXBuildFile section */
		508FBDBB1AC2B8DD00B58B19 /* traffic.m4a in Resources */ = {isa = PBXBuildFile; fileRef = 508FBDBA1AC2B8DD00B58B19 /* traffic.m4a */; };
		50AE72E61AC00ECE00703C60 /* TCSetupFlightViewController.swift in Sources */ = {isa = PBXBuildFile; fileRef = 50AE72E51AC00ECE00703C60 /* TCSetupFlightViewController.swift */; };
		50B47C491ABEE88D006C1B52 /* AppDelegate.swift in Sources */ = {isa = PBXBuildFile; fileRef = 50B47C481ABEE88D006C1B52 /* AppDelegate.swift */; };
		50B47C4E1ABEE88D006C1B52 /* Main.storyboard in Resources */ = {isa = PBXBuildFile; fileRef = 50B47C4C1ABEE88D006C1B52 /* Main.storyboard */; };
		50B47C501ABEE88D006C1B52 /* Images.xcassets in Resources */ = {isa = PBXBuildFile; fileRef = 50B47C4F1ABEE88D006C1B52 /* Images.xcassets */; };
		50B47C531ABEE88D006C1B52 /* LaunchScreen.xib in Resources */ = {isa = PBXBuildFile; fileRef = 50B47C511ABEE88D006C1B52 /* LaunchScreen.xib */; };
		50B47C5F1ABEE88D006C1B52 /* TicasTests.swift in Sources */ = {isa = PBXBuildFile; fileRef = 50B47C5E1ABEE88D006C1B52 /* TicasTests.swift */; };
		50DFECBC1ABEED1D00D0250C /* TIRegisterViewController.swift in Sources */ = {isa = PBXBuildFile; fileRef = 50DFECBB1ABEED1D00D0250C /* TIRegisterViewController.swift */; };
		50DFECBE1ABEF95700D0250C /* Parse.framework in Frameworks */ = {isa = PBXBuildFile; fileRef = 50DFECBD1ABEF95700D0250C /* Parse.framework */; };
		50DFECC01ABEF97900D0250C /* AudioToolbox.framework in Frameworks */ = {isa = PBXBuildFile; fileRef = 50DFECBF1ABEF97800D0250C /* AudioToolbox.framework */; };
		50DFECC21ABEF98100D0250C /* CFNetwork.framework in Frameworks */ = {isa = PBXBuildFile; fileRef = 50DFECC11ABEF98100D0250C /* CFNetwork.framework */; };
		50DFECC41ABEF98800D0250C /* CoreGraphics.framework in Frameworks */ = {isa = PBXBuildFile; fileRef = 50DFECC31ABEF98800D0250C /* CoreGraphics.framework */; };
		50DFECC61ABEF99100D0250C /* CoreLocation.framework in Frameworks */ = {isa = PBXBuildFile; fileRef = 50DFECC51ABEF99100D0250C /* CoreLocation.framework */; };
		50DFECC81ABEF99D00D0250C /* MobileCoreServices.framework in Frameworks */ = {isa = PBXBuildFile; fileRef = 50DFECC71ABEF99D00D0250C /* MobileCoreServices.framework */; };
		50DFECCA1ABEF9A700D0250C /* QuartzCore.framework in Frameworks */ = {isa = PBXBuildFile; fileRef = 50DFECC91ABEF9A700D0250C /* QuartzCore.framework */; };
		50DFECCC1ABEF9B400D0250C /* Security.framework in Frameworks */ = {isa = PBXBuildFile; fileRef = 50DFECCB1ABEF9B400D0250C /* Security.framework */; };
		50DFECD01ABEF9C900D0250C /* SystemConfiguration.framework in Frameworks */ = {isa = PBXBuildFile; fileRef = 50DFECCF1ABEF9C900D0250C /* SystemConfiguration.framework */; };
		50DFECD21ABEF9D100D0250C /* libz.dylib in Frameworks */ = {isa = PBXBuildFile; fileRef = 50DFECD11ABEF9D100D0250C /* libz.dylib */; };
		50DFECD41ABEF9DA00D0250C /* libsqlite3.dylib in Frameworks */ = {isa = PBXBuildFile; fileRef = 50DFECD31ABEF9DA00D0250C /* libsqlite3.dylib */; };
		50DFECDA1ABEFB5100D0250C /* Bolts.framework in Frameworks */ = {isa = PBXBuildFile; fileRef = 50DFECD91ABEFB5100D0250C /* Bolts.framework */; };
		50DFECDC1ABF03A400D0250C /* MapKit.framework in Frameworks */ = {isa = PBXBuildFile; fileRef = 50DFECDB1ABF03A400D0250C /* MapKit.framework */; };
		50DFECE01ABF064100D0250C /* TCMapViewController.swift in Sources */ = {isa = PBXBuildFile; fileRef = 50DFECDF1ABF064100D0250C /* TCMapViewController.swift */; };
		50DFECE41ABF0DBC00D0250C /* TCUserDetailsViewController.swift in Sources */ = {isa = PBXBuildFile; fileRef = 50DFECE31ABF0DBC00D0250C /* TCUserDetailsViewController.swift */; };
/* End PBXBuildFile section */

/* Begin PBXContainerItemProxy section */
		50B47C591ABEE88D006C1B52 /* PBXContainerItemProxy */ = {
			isa = PBXContainerItemProxy;
			containerPortal = 50B47C3B1ABEE88D006C1B52 /* Project object */;
			proxyType = 1;
			remoteGlobalIDString = 50B47C421ABEE88D006C1B52;
			remoteInfo = Ticas;
		};
/* End PBXContainerItemProxy section */

/* Begin PBXFileReference section */
		508FBDBA1AC2B8DD00B58B19 /* traffic.m4a */ = {isa = PBXFileReference; lastKnownFileType = file; path = traffic.m4a; sourceTree = "<group>"; };
		50AE72E51AC00ECE00703C60 /* TCSetupFlightViewController.swift */ = {isa = PBXFileReference; fileEncoding = 4; lastKnownFileType = sourcecode.swift; path = TCSetupFlightViewController.swift; sourceTree = "<group>"; };
		50B47C431ABEE88D006C1B52 /* Ticas.app */ = {isa = PBXFileReference; explicitFileType = wrapper.application; includeInIndex = 0; path = Ticas.app; sourceTree = BUILT_PRODUCTS_DIR; };
		50B47C471ABEE88D006C1B52 /* Info.plist */ = {isa = PBXFileReference; lastKnownFileType = text.plist.xml; path = Info.plist; sourceTree = "<group>"; };
		50B47C481ABEE88D006C1B52 /* AppDelegate.swift */ = {isa = PBXFileReference; lastKnownFileType = sourcecode.swift; path = AppDelegate.swift; sourceTree = "<group>"; };
		50B47C4D1ABEE88D006C1B52 /* Base */ = {isa = PBXFileReference; lastKnownFileType = file.storyboard; name = Base; path = Base.lproj/Main.storyboard; sourceTree = "<group>"; };
		50B47C4F1ABEE88D006C1B52 /* Images.xcassets */ = {isa = PBXFileReference; lastKnownFileType = folder.assetcatalog; path = Images.xcassets; sourceTree = "<group>"; };
		50B47C521ABEE88D006C1B52 /* Base */ = {isa = PBXFileReference; lastKnownFileType = file.xib; name = Base; path = Base.lproj/LaunchScreen.xib; sourceTree = "<group>"; };
		50B47C581ABEE88D006C1B52 /* TicasTests.xctest */ = {isa = PBXFileReference; explicitFileType = wrapper.cfbundle; includeInIndex = 0; path = TicasTests.xctest; sourceTree = BUILT_PRODUCTS_DIR; };
		50B47C5D1ABEE88D006C1B52 /* Info.plist */ = {isa = PBXFileReference; lastKnownFileType = text.plist.xml; path = Info.plist; sourceTree = "<group>"; };
		50B47C5E1ABEE88D006C1B52 /* TicasTests.swift */ = {isa = PBXFileReference; lastKnownFileType = sourcecode.swift; path = TicasTests.swift; sourceTree = "<group>"; };
		50DFECBB1ABEED1D00D0250C /* TIRegisterViewController.swift */ = {isa = PBXFileReference; fileEncoding = 4; lastKnownFileType = sourcecode.swift; path = TIRegisterViewController.swift; sourceTree = "<group>"; };
		50DFECBD1ABEF95700D0250C /* Parse.framework */ = {isa = PBXFileReference; lastKnownFileType = wrapper.framework; path = Parse.framework; sourceTree = "<group>"; };
		50DFECBF1ABEF97800D0250C /* AudioToolbox.framework */ = {isa = PBXFileReference; lastKnownFileType = wrapper.framework; name = AudioToolbox.framework; path = System/Library/Frameworks/AudioToolbox.framework; sourceTree = SDKROOT; };
		50DFECC11ABEF98100D0250C /* CFNetwork.framework */ = {isa = PBXFileReference; lastKnownFileType = wrapper.framework; name = CFNetwork.framework; path = System/Library/Frameworks/CFNetwork.framework; sourceTree = SDKROOT; };
		50DFECC31ABEF98800D0250C /* CoreGraphics.framework */ = {isa = PBXFileReference; lastKnownFileType = wrapper.framework; name = CoreGraphics.framework; path = System/Library/Frameworks/CoreGraphics.framework; sourceTree = SDKROOT; };
		50DFECC51ABEF99100D0250C /* CoreLocation.framework */ = {isa = PBXFileReference; lastKnownFileType = wrapper.framework; name = CoreLocation.framework; path = System/Library/Frameworks/CoreLocation.framework; sourceTree = SDKROOT; };
		50DFECC71ABEF99D00D0250C /* MobileCoreServices.framework */ = {isa = PBXFileReference; lastKnownFileType = wrapper.framework; name = MobileCoreServices.framework; path = System/Library/Frameworks/MobileCoreServices.framework; sourceTree = SDKROOT; };
		50DFECC91ABEF9A700D0250C /* QuartzCore.framework */ = {isa = PBXFileReference; lastKnownFileType = wrapper.framework; name = QuartzCore.framework; path = System/Library/Frameworks/QuartzCore.framework; sourceTree = SDKROOT; };
		50DFECCB1ABEF9B400D0250C /* Security.framework */ = {isa = PBXFileReference; lastKnownFileType = wrapper.framework; name = Security.framework; path = System/Library/Frameworks/Security.framework; sourceTree = SDKROOT; };
		50DFECCF1ABEF9C900D0250C /* SystemConfiguration.framework */ = {isa = PBXFileReference; lastKnownFileType = wrapper.framework; name = SystemConfiguration.framework; path = System/Library/Frameworks/SystemConfiguration.framework; sourceTree = SDKROOT; };
		50DFECD11ABEF9D100D0250C /* libz.dylib */ = {isa = PBXFileReference; lastKnownFileType = "compiled.mach-o.dylib"; name = libz.dylib; path = usr/lib/libz.dylib; sourceTree = SDKROOT; };
		50DFECD31ABEF9DA00D0250C /* libsqlite3.dylib */ = {isa = PBXFileReference; lastKnownFileType = "compiled.mach-o.dylib"; name = libsqlite3.dylib; path = usr/lib/libsqlite3.dylib; sourceTree = SDKROOT; };
		50DFECD61ABEFA2300D0250C /* Ticas-Bridging-Header.h */ = {isa = PBXFileReference; lastKnownFileType = sourcecode.c.h; path = "Ticas-Bridging-Header.h"; sourceTree = "<group>"; };
		50DFECD91ABEFB5100D0250C /* Bolts.framework */ = {isa = PBXFileReference; lastKnownFileType = wrapper.framework; path = Bolts.framework; sourceTree = "<group>"; };
		50DFECDB1ABF03A400D0250C /* MapKit.framework */ = {isa = PBXFileReference; lastKnownFileType = wrapper.framework; name = MapKit.framework; path = System/Library/Frameworks/MapKit.framework; sourceTree = SDKROOT; };
		50DFECDF1ABF064100D0250C /* TCMapViewController.swift */ = {isa = PBXFileReference; fileEncoding = 4; lastKnownFileType = sourcecode.swift; path = TCMapViewController.swift; sourceTree = "<group>"; };
		50DFECE31ABF0DBC00D0250C /* TCUserDetailsViewController.swift */ = {isa = PBXFileReference; fileEncoding = 4; lastKnownFileType = sourcecode.swift; path = TCUserDetailsViewController.swift; sourceTree = "<group>"; };
/* End PBXFileReference section */

/* Begin PBXFrameworksBuildPhase section */
		50B47C401ABEE88D006C1B52 /* Frameworks */ = {
			isa = PBXFrameworksBuildPhase;
			buildActionMask = 2147483647;
			files = (
				50DFECD41ABEF9DA00D0250C /* libsqlite3.dylib in Frameworks */,
				50DFECD21ABEF9D100D0250C /* libz.dylib in Frameworks */,
				50DFECD01ABEF9C900D0250C /* SystemConfiguration.framework in Frameworks */,
				50DFECDC1ABF03A400D0250C /* MapKit.framework in Frameworks */,
				50DFECCC1ABEF9B400D0250C /* Security.framework in Frameworks */,
				50DFECCA1ABEF9A700D0250C /* QuartzCore.framework in Frameworks */,
				50DFECC81ABEF99D00D0250C /* MobileCoreServices.framework in Frameworks */,
				50DFECDA1ABEFB5100D0250C /* Bolts.framework in Frameworks */,
				50DFECC61ABEF99100D0250C /* CoreLocation.framework in Frameworks */,
				50DFECC41ABEF98800D0250C /* CoreGraphics.framework in Frameworks */,
				50DFECC21ABEF98100D0250C /* CFNetwork.framework in Frameworks */,
				50DFECC01ABEF97900D0250C /* AudioToolbox.framework in Frameworks */,
				50DFECBE1ABEF95700D0250C /* Parse.framework in Frameworks */,
			);
			runOnlyForDeploymentPostprocessing = 0;
		};
		50B47C551ABEE88D006C1B52 /* Frameworks */ = {
			isa = PBXFrameworksBuildPhase;
			buildActionMask = 2147483647;
			files = (
			);
			runOnlyForDeploymentPostprocessing = 0;
		};
/* End PBXFrameworksBuildPhase section */

/* Begin PBXGroup section */
		50B47C3A1ABEE88D006C1B52 = {
			isa = PBXGroup;
			children = (
				508FBDBA1AC2B8DD00B58B19 /* traffic.m4a */,
				50AE72E51AC00ECE00703C60 /* TCSetupFlightViewController.swift */,
				50B47C451ABEE88D006C1B52 /* Ticas */,
				50B47C5B1ABEE88D006C1B52 /* TicasTests */,
				50DFECD51ABEF9EC00D0250C /* Framworks */,
				50B47C441ABEE88D006C1B52 /* Products */,
				50DFECD61ABEFA2300D0250C /* Ticas-Bridging-Header.h */,
			);
			sourceTree = "<group>";
		};
		50B47C441ABEE88D006C1B52 /* Products */ = {
			isa = PBXGroup;
			children = (
				50B47C431ABEE88D006C1B52 /* Ticas.app */,
				50B47C581ABEE88D006C1B52 /* TicasTests.xctest */,
			);
			name = Products;
			sourceTree = "<group>";
		};
		50B47C451ABEE88D006C1B52 /* Ticas */ = {
			isa = PBXGroup;
			children = (
				50DFECBB1ABEED1D00D0250C /* TIRegisterViewController.swift */,
				50DFECDF1ABF064100D0250C /* TCMapViewController.swift */,
				50DFECE31ABF0DBC00D0250C /* TCUserDetailsViewController.swift */,
				50B47C4C1ABEE88D006C1B52 /* Main.storyboard */,
				50B47C461ABEE88D006C1B52 /* Supporting Files */,
			);
			path = Ticas;
			sourceTree = "<group>";
		};
		50B47C461ABEE88D006C1B52 /* Supporting Files */ = {
			isa = PBXGroup;
			children = (
				50B47C4F1ABEE88D006C1B52 /* Images.xcassets */,
				50B47C481ABEE88D006C1B52 /* AppDelegate.swift */,
				50B47C511ABEE88D006C1B52 /* LaunchScreen.xib */,
				50B47C471ABEE88D006C1B52 /* Info.plist */,
			);
			name = "Supporting Files";
			sourceTree = "<group>";
		};
		50B47C5B1ABEE88D006C1B52 /* TicasTests */ = {
			isa = PBXGroup;
			children = (
				50B47C5E1ABEE88D006C1B52 /* TicasTests.swift */,
				50B47C5C1ABEE88D006C1B52 /* Supporting Files */,
			);
			path = TicasTests;
			sourceTree = "<group>";
		};
		50B47C5C1ABEE88D006C1B52 /* Supporting Files */ = {
			isa = PBXGroup;
			children = (
				50B47C5D1ABEE88D006C1B52 /* Info.plist */,
			);
			name = "Supporting Files";
			sourceTree = "<group>";
		};
		50DFECD51ABEF9EC00D0250C /* Framworks */ = {
			isa = PBXGroup;
			children = (
				50DFECD31ABEF9DA00D0250C /* libsqlite3.dylib */,
				50DFECD11ABEF9D100D0250C /* libz.dylib */,
				50DFECDB1ABF03A400D0250C /* MapKit.framework */,
				50DFECD91ABEFB5100D0250C /* Bolts.framework */,
				50DFECCF1ABEF9C900D0250C /* SystemConfiguration.framework */,
				50DFECCB1ABEF9B400D0250C /* Security.framework */,
				50DFECC91ABEF9A700D0250C /* QuartzCore.framework */,
				50DFECC71ABEF99D00D0250C /* MobileCoreServices.framework */,
				50DFECC51ABEF99100D0250C /* CoreLocation.framework */,
				50DFECC31ABEF98800D0250C /* CoreGraphics.framework */,
				50DFECC11ABEF98100D0250C /* CFNetwork.framework */,
				50DFECBF1ABEF97800D0250C /* AudioToolbox.framework */,
				50DFECBD1ABEF95700D0250C /* Parse.framework */,
			);
			name = Framworks;
			sourceTree = "<group>";
		};
/* End PBXGroup section */

/* Begin PBXNativeTarget section */
		50B47C421ABEE88D006C1B52 /* Ticas */ = {
			isa = PBXNativeTarget;
			buildConfigurationList = 50B47C621ABEE88D006C1B52 /* Build configuration list for PBXNativeTarget "Ticas" */;
			buildPhases = (
				50B47C3F1ABEE88D006C1B52 /* Sources */,
				50B47C401ABEE88D006C1B52 /* Frameworks */,
				50B47C411ABEE88D006C1B52 /* Resources */,
			);
			buildRules = (
			);
			dependencies = (
			);
			name = Ticas;
			productName = Ticas;
			productReference = 50B47C431ABEE88D006C1B52 /* Ticas.app */;
			productType = "com.apple.product-type.application";
		};
		50B47C571ABEE88D006C1B52 /* TicasTests */ = {
			isa = PBXNativeTarget;
			buildConfigurationList = 50B47C651ABEE88D006C1B52 /* Build configuration list for PBXNativeTarget "TicasTests" */;
			buildPhases = (
				50B47C541ABEE88D006C1B52 /* Sources */,
				50B47C551ABEE88D006C1B52 /* Frameworks */,
				50B47C561ABEE88D006C1B52 /* Resources */,
			);
			buildRules = (
			);
			dependencies = (
				50B47C5A1ABEE88D006C1B52 /* PBXTargetDependency */,
			);
			name = TicasTests;
			productName = TicasTests;
			productReference = 50B47C581ABEE88D006C1B52 /* TicasTests.xctest */;
			productType = "com.apple.product-type.bundle.unit-test";
		};
/* End PBXNativeTarget section */

/* Begin PBXProject section */
		50B47C3B1ABEE88D006C1B52 /* Project object */ = {
			isa = PBXProject;
			attributes = {
				LastUpgradeCheck = 0620;
				ORGANIZATIONNAME = GuyKahlon;
				TargetAttributes = {
					50B47C421ABEE88D006C1B52 = {
						CreatedOnToolsVersion = 6.2;
						DevelopmentTeam = 22H23T9UE8;
						SystemCapabilities = {
							com.apple.InAppPurchase = {
								enabled = 0;
							};
							com.apple.Maps.iOS = {
								enabled = 1;
							};
						};
					};
					50B47C571ABEE88D006C1B52 = {
						CreatedOnToolsVersion = 6.2;
						TestTargetID = 50B47C421ABEE88D006C1B52;
					};
				};
			};
			buildConfigurationList = 50B47C3E1ABEE88D006C1B52 /* Build configuration list for PBXProject "Ticas" */;
			compatibilityVersion = "Xcode 3.2";
			developmentRegion = English;
			hasScannedForEncodings = 0;
			knownRegions = (
				en,
				Base,
			);
			mainGroup = 50B47C3A1ABEE88D006C1B52;
			productRefGroup = 50B47C441ABEE88D006C1B52 /* Products */;
			projectDirPath = "";
			projectRoot = "";
			targets = (
				50B47C421ABEE88D006C1B52 /* Ticas */,
				50B47C571ABEE88D006C1B52 /* TicasTests */,
			);
		};
/* End PBXProject section */

/* Begin PBXResourcesBuildPhase section */
		50B47C411ABEE88D006C1B52 /* Resources */ = {
			isa = PBXResourcesBuildPhase;
			buildActionMask = 2147483647;
			files = (
				508FBDBB1AC2B8DD00B58B19 /* traffic.m4a in Resources */,
				50B47C4E1ABEE88D006C1B52 /* Main.storyboard in Resources */,
				50B47C531ABEE88D006C1B52 /* LaunchScreen.xib in Resources */,
				50B47C501ABEE88D006C1B52 /* Images.xcassets in Resources */,
			);
			runOnlyForDeploymentPostprocessing = 0;
		};
		50B47C561ABEE88D006C1B52 /* Resources */ = {
			isa = PBXResourcesBuildPhase;
			buildActionMask = 2147483647;
			files = (
			);
			runOnlyForDeploymentPostprocessing = 0;
		};
/* End PBXResourcesBuildPhase section */

/* Begin PBXSourcesBuildPhase section */
		50B47C3F1ABEE88D006C1B52 /* Sources */ = {
			isa = PBXSourcesBuildPhase;
			buildActionMask = 2147483647;
			files = (
				50DFECE41ABF0DBC00D0250C /* TCUserDetailsViewController.swift in Sources */,
				50AE72E61AC00ECE00703C60 /* TCSetupFlightViewController.swift in Sources */,
				50DFECE01ABF064100D0250C /* TCMapViewController.swift in Sources */,
				50B47C491ABEE88D006C1B52 /* AppDelegate.swift in Sources */,
				50DFECBC1ABEED1D00D0250C /* TIRegisterViewController.swift in Sources */,
			);
			runOnlyForDeploymentPostprocessing = 0;
		};
		50B47C541ABEE88D006C1B52 /* Sources */ = {
			isa = PBXSourcesBuildPhase;
			buildActionMask = 2147483647;
			files = (
				50B47C5F1ABEE88D006C1B52 /* TicasTests.swift in Sources */,
			);
			runOnlyForDeploymentPostprocessing = 0;
		};
/* End PBXSourcesBuildPhase section */

/* Begin PBXTargetDependency section */
		50B47C5A1ABEE88D006C1B52 /* PBXTargetDependency */ = {
			isa = PBXTargetDependency;
			target = 50B47C421ABEE88D006C1B52 /* Ticas */;
			targetProxy = 50B47C591ABEE88D006C1B52 /* PBXContainerItemProxy */;
		};
/* End PBXTargetDependency section */

/* Begin PBXVariantGroup section */
		50B47C4C1ABEE88D006C1B52 /* Main.storyboard */ = {
			isa = PBXVariantGroup;
			children = (
				50B47C4D1ABEE88D006C1B52 /* Base */,
			);
			name = Main.storyboard;
			sourceTree = "<group>";
		};
		50B47C511ABEE88D006C1B52 /* LaunchScreen.xib */ = {
			isa = PBXVariantGroup;
			children = (
				50B47C521ABEE88D006C1B52 /* Base */,
			);
			name = LaunchScreen.xib;
			sourceTree = "<group>";
		};
/* End PBXVariantGroup section */

/* Begin XCBuildConfiguration section */
		50B47C601ABEE88D006C1B52 /* Debug */ = {
			isa = XCBuildConfiguration;
			buildSettings = {
				ALWAYS_SEARCH_USER_PATHS = NO;
				CLANG_CXX_LANGUAGE_STANDARD = "gnu++0x";
				CLANG_CXX_LIBRARY = "libc++";
				CLANG_ENABLE_MODULES = YES;
				CLANG_ENABLE_OBJC_ARC = YES;
				CLANG_WARN_BOOL_CONVERSION = YES;
				CLANG_WARN_CONSTANT_CONVERSION = YES;
				CLANG_WARN_DIRECT_OBJC_ISA_USAGE = YES_ERROR;
				CLANG_WARN_EMPTY_BODY = YES;
				CLANG_WARN_ENUM_CONVERSION = YES;
				CLANG_WARN_INT_CONVERSION = YES;
				CLANG_WARN_OBJC_ROOT_CLASS = YES_ERROR;
				CLANG_WARN_UNREACHABLE_CODE = YES;
				CLANG_WARN__DUPLICATE_METHOD_MATCH = YES;
				"CODE_SIGN_IDENTITY[sdk=iphoneos*]" = "iPhone Developer";
				COPY_PHASE_STRIP = NO;
				ENABLE_STRICT_OBJC_MSGSEND = YES;
				GCC_C_LANGUAGE_STANDARD = gnu99;
				GCC_DYNAMIC_NO_PIC = NO;
				GCC_OPTIMIZATION_LEVEL = 0;
				GCC_PREPROCESSOR_DEFINITIONS = (
					"DEBUG=1",
					"$(inherited)",
				);
				GCC_SYMBOLS_PRIVATE_EXTERN = NO;
				GCC_WARN_64_TO_32_BIT_CONVERSION = YES;
				GCC_WARN_ABOUT_RETURN_TYPE = YES_ERROR;
				GCC_WARN_UNDECLARED_SELECTOR = YES;
				GCC_WARN_UNINITIALIZED_AUTOS = YES_AGGRESSIVE;
				GCC_WARN_UNUSED_FUNCTION = YES;
				GCC_WARN_UNUSED_VARIABLE = YES;
				IPHONEOS_DEPLOYMENT_TARGET = 8.2;
				MTL_ENABLE_DEBUG_INFO = YES;
				ONLY_ACTIVE_ARCH = YES;
				SDKROOT = iphoneos;
				SWIFT_OPTIMIZATION_LEVEL = "-Onone";
				TARGETED_DEVICE_FAMILY = "1,2";
			};
			name = Debug;
		};
		50B47C611ABEE88D006C1B52 /* Release */ = {
			isa = XCBuildConfiguration;
			buildSettings = {
				ALWAYS_SEARCH_USER_PATHS = NO;
				CLANG_CXX_LANGUAGE_STANDARD = "gnu++0x";
				CLANG_CXX_LIBRARY = "libc++";
				CLANG_ENABLE_MODULES = YES;
				CLANG_ENABLE_OBJC_ARC = YES;
				CLANG_WARN_BOOL_CONVERSION = YES;
				CLANG_WARN_CONSTANT_CONVERSION = YES;
				CLANG_WARN_DIRECT_OBJC_ISA_USAGE = YES_ERROR;
				CLANG_WARN_EMPTY_BODY = YES;
				CLANG_WARN_ENUM_CONVERSION = YES;
				CLANG_WARN_INT_CONVERSION = YES;
				CLANG_WARN_OBJC_ROOT_CLASS = YES_ERROR;
				CLANG_WARN_UNREACHABLE_CODE = YES;
				CLANG_WARN__DUPLICATE_METHOD_MATCH = YES;
				"CODE_SIGN_IDENTITY[sdk=iphoneos*]" = "iPhone Developer";
				COPY_PHASE_STRIP = NO;
				ENABLE_NS_ASSERTIONS = NO;
				ENABLE_STRICT_OBJC_MSGSEND = YES;
				GCC_C_LANGUAGE_STANDARD = gnu99;
				GCC_WARN_64_TO_32_BIT_CONVERSION = YES;
				GCC_WARN_ABOUT_RETURN_TYPE = YES_ERROR;
				GCC_WARN_UNDECLARED_SELECTOR = YES;
				GCC_WARN_UNINITIALIZED_AUTOS = YES_AGGRESSIVE;
				GCC_WARN_UNUSED_FUNCTION = YES;
				GCC_WARN_UNUSED_VARIABLE = YES;
				IPHONEOS_DEPLOYMENT_TARGET = 8.2;
				MTL_ENABLE_DEBUG_INFO = NO;
				SDKROOT = iphoneos;
				TARGETED_DEVICE_FAMILY = "1,2";
				VALIDATE_PRODUCT = YES;
			};
			name = Release;
		};
		50B47C631ABEE88D006C1B52 /* Debug */ = {
			isa = XCBuildConfiguration;
			buildSettings = {
				ASSETCATALOG_COMPILER_APPICON_NAME = AppIcon;
				CLANG_ENABLE_MODULES = YES;
				CODE_SIGN_IDENTITY = "iPhone Developer";
				"CODE_SIGN_IDENTITY[sdk=iphoneos*]" = "iPhone Developer";
				FRAMEWORK_SEARCH_PATHS = (
					"$(inherited)",
					"$(PROJECT_DIR)",
				);
				INFOPLIST_FILE = Ticas/Info.plist;
				IPHONEOS_DEPLOYMENT_TARGET = 8.0;
				LD_RUNPATH_SEARCH_PATHS = "$(inherited) @executable_path/Frameworks";
				PRODUCT_NAME = Ticas;
				PROVISIONING_PROFILE = "0bc94443-b0c0-49eb-b9fc-6f50e5eb808d";
				SWIFT_OBJC_BRIDGING_HEADER = "Ticas-Bridging-Header.h";
				SWIFT_OPTIMIZATION_LEVEL = "-Onone";
			};
			name = Debug;
		};
		50B47C641ABEE88D006C1B52 /* Release */ = {
			isa = XCBuildConfiguration;
			buildSettings = {
				ASSETCATALOG_COMPILER_APPICON_NAME = AppIcon;
				CLANG_ENABLE_MODULES = YES;
				CODE_SIGN_IDENTITY = "iPhone Developer";
				"CODE_SIGN_IDENTITY[sdk=iphoneos*]" = "iPhone Developer";
				FRAMEWORK_SEARCH_PATHS = (
					"$(inherited)",
					"$(PROJECT_DIR)",
				);
				INFOPLIST_FILE = Ticas/Info.plist;
				IPHONEOS_DEPLOYMENT_TARGET = 8.0;
				LD_RUNPATH_SEARCH_PATHS = "$(inherited) @executable_path/Frameworks";
				PRODUCT_NAME = Ticas;
				PROVISIONING_PROFILE = "0bc94443-b0c0-49eb-b9fc-6f50e5eb808d";
				SWIFT_OBJC_BRIDGING_HEADER = "Ticas-Bridging-Header.h";
			};
			name = Release;
		};
		50B47C661ABEE88D006C1B52 /* Debug */ = {
			isa = XCBuildConfiguration;
			buildSettings = {
				BUNDLE_LOADER = "$(TEST_HOST)";
				FRAMEWORK_SEARCH_PATHS = (
					"$(SDKROOT)/Developer/Library/Frameworks",
					"$(inherited)",
				);
				GCC_PREPROCESSOR_DEFINITIONS = (
					"DEBUG=1",
					"$(inherited)",
				);
				INFOPLIST_FILE = TicasTests/Info.plist;
				LD_RUNPATH_SEARCH_PATHS = "$(inherited) @executable_path/Frameworks @loader_path/Frameworks";
				PRODUCT_NAME = TicasTests;
				TEST_HOST = "$(BUILT_PRODUCTS_DIR)/Ticas.app/Ticas";
			};
			name = Debug;
		};
		50B47C671ABEE88D006C1B52 /* Release */ = {
			isa = XCBuildConfiguration;
			buildSettings = {
				BUNDLE_LOADER = "$(TEST_HOST)";
				FRAMEWORK_SEARCH_PATHS = (
					"$(SDKROOT)/Developer/Library/Frameworks",
					"$(inherited)",
				);
				INFOPLIST_FILE = TicasTests/Info.plist;
				LD_RUNPATH_SEARCH_PATHS = "$(inherited) @executable_path/Frameworks @loader_path/Frameworks";
				PRODUCT_NAME = TicasTests;
				TEST_HOST = "$(BUILT_PRODUCTS_DIR)/Ticas.app/Ticas";
			};
			name = Release;
		};
/* End XCBuildConfiguration section */

/* Begin XCConfigurationList section */
		50B47C3E1ABEE88D006C1B52 /* Build configuration list for PBXProject "Ticas" */ = {
			isa = XCConfigurationList;
			buildConfigurations = (
				50B47C601ABEE88D006C1B52 /* Debug */,
				50B47C611ABEE88D006C1B52 /* Release */,
			);
			defaultConfigurationIsVisible = 0;
			defaultConfigurationName = Release;
		};
		50B47C621ABEE88D006C1B52 /* Build configuration list for PBXNativeTarget "Ticas" */ = {
			isa = XCConfigurationList;
			buildConfigurations = (
				50B47C631ABEE88D006C1B52 /* Debug */,
				50B47C641ABEE88D006C1B52 /* Release */,
			);
			defaultConfigurationIsVisible = 0;
			defaultConfigurationName = Release;
		};
		50B47C651ABEE88D006C1B52 /* Build configuration list for PBXNativeTarget "TicasTests" */ = {
			isa = XCConfigurationList;
			buildConfigurations = (
				50B47C661ABEE88D006C1B52 /* Debug */,
				50B47C671ABEE88D006C1B52 /* Release */,
			);
			defaultConfigurationIsVisible = 0;
			defaultConfigurationName = Release;
		};
/* End XCConfigurationList section */
	};
	rootObject = 50B47C3B1ABEE88D006C1B52 /* Project object */;
}
